
Microsoft Visual Studio Solution File, Format Version 12.00
# Visual Studio Version 17
VisualStudioVersion = 17.3.32929.385
MinimumVisualStudioVersion = 10.0.40219.1
Project("{9A19103F-16F7-4668-BE54-9A1E7A4F7556}") = "Batch_Rename_App", "Batch_Rename_App\Batch_Rename_App.csproj", "{8925E4ED-D424-44FE-899A-AD248F7CA2B6}"
EndProject
Project("{9A19103F-16F7-4668-BE54-9A1E7A4F7556}") = "CommonModel", "CommonModel\CommonModel.csproj", "{659B8BC5-E57E-4FC0-A28A-F352B6183BAE}"
EndProject
Project("{9A19103F-16F7-4668-BE54-9A1E7A4F7556}") = "AddPrefixRule", "AddPrefixRule\AddPrefixRule.csproj", "{AD81B157-722D-4EE5-A127-71994B95194A}"
EndProject
Project("{9A19103F-16F7-4668-BE54-9A1E7A4F7556}") = "ChangeExtensionRule", "ChangeExtensionRule\ChangeExtensionRule.csproj", "{612DC6F0-5AA8-417F-8C72-6EB7D1C3CF3E}"
EndProject
Project("{9A19103F-16F7-4668-BE54-9A1E7A4F7556}") = "AddNumberCounterRule", "AddNumberCounterRule\AddNumberCounterRule.csproj", "{9B751520-179F-4E3E-AA4A-63E8BF9AA3C0}"
EndProject
Project("{9A19103F-16F7-4668-BE54-9A1E7A4F7556}") = "ConvertToLowerCase", "ConvertToLowerCase\ConvertToLowerCase.csproj", "{5EA13AE6-FA4E-4C4D-B925-080F194A9AB2}"
EndProject
Project("{9A19103F-16F7-4668-BE54-9A1E7A4F7556}") = "AddSuffixRule", "AddSuffixRule\AddSuffixRule.csproj", "{69977840-D42F-4A72-8CD9-2B49F313341B}"
EndProject
Project("{FAE04EC0-301F-11D3-BF4B-00C04F79EFBC}") = "testapp", "testapp\testapp.csproj", "{877B105A-23D9-4EC6-AC3B-542178463C80}"
EndProject
Project("{FAE04EC0-301F-11D3-BF4B-00C04F79EFBC}") = "ReplaceSpecialCharacterRule", "ReplaceSpecialCharacterRule\ReplaceSpecialCharacterRule.csproj", "{FE0EF3D5-2476-4FD4-9251-30BD8B904E83}"
EndProject
Global
	GlobalSection(SolutionConfigurationPlatforms) = preSolution
		Debug|Any CPU = Debug|Any CPU
		Release|Any CPU = Release|Any CPU
	EndGlobalSection
	GlobalSection(ProjectConfigurationPlatforms) = postSolution
		{8925E4ED-D424-44FE-899A-AD248F7CA2B6}.Debug|Any CPU.ActiveCfg = Debug|Any CPU
		{8925E4ED-D424-44FE-899A-AD248F7CA2B6}.Debug|Any CPU.Build.0 = Debug|Any CPU
		{8925E4ED-D424-44FE-899A-AD248F7CA2B6}.Release|Any CPU.ActiveCfg = Release|Any CPU
		{8925E4ED-D424-44FE-899A-AD248F7CA2B6}.Release|Any CPU.Build.0 = Release|Any CPU
		{659B8BC5-E57E-4FC0-A28A-F352B6183BAE}.Debug|Any CPU.ActiveCfg = Debug|Any CPU
		{659B8BC5-E57E-4FC0-A28A-F352B6183BAE}.Debug|Any CPU.Build.0 = Debug|Any CPU
		{659B8BC5-E57E-4FC0-A28A-F352B6183BAE}.Release|Any CPU.ActiveCfg = Release|Any CPU
		{659B8BC5-E57E-4FC0-A28A-F352B6183BAE}.Release|Any CPU.Build.0 = Release|Any CPU
		{AD81B157-722D-4EE5-A127-71994B95194A}.Debug|Any CPU.ActiveCfg = Debug|Any CPU
		{AD81B157-722D-4EE5-A127-71994B95194A}.Debug|Any CPU.Build.0 = Debug|Any CPU
		{AD81B157-722D-4EE5-A127-71994B95194A}.Release|Any CPU.ActiveCfg = Release|Any CPU
		{AD81B157-722D-4EE5-A127-71994B95194A}.Release|Any CPU.Build.0 = Release|Any CPU
		{612DC6F0-5AA8-417F-8C72-6EB7D1C3CF3E}.Debug|Any CPU.ActiveCfg = Debug|Any CPU
		{612DC6F0-5AA8-417F-8C72-6EB7D1C3CF3E}.Debug|Any CPU.Build.0 = Debug|Any CPU
		{612DC6F0-5AA8-417F-8C72-6EB7D1C3CF3E}.Release|Any CPU.ActiveCfg = Release|Any CPU
		{612DC6F0-5AA8-417F-8C72-6EB7D1C3CF3E}.Release|Any CPU.Build.0 = Release|Any CPU
		{9B751520-179F-4E3E-AA4A-63E8BF9AA3C0}.Debug|Any CPU.ActiveCfg = Debug|Any CPU
		{9B751520-179F-4E3E-AA4A-63E8BF9AA3C0}.Debug|Any CPU.Build.0 = Debug|Any CPU
		{9B751520-179F-4E3E-AA4A-63E8BF9AA3C0}.Release|Any CPU.ActiveCfg = Release|Any CPU
		{9B751520-179F-4E3E-AA4A-63E8BF9AA3C0}.Release|Any CPU.Build.0 = Release|Any CPU
		{5EA13AE6-FA4E-4C4D-B925-080F194A9AB2}.Debug|Any CPU.ActiveCfg = Debug|Any CPU
		{5EA13AE6-FA4E-4C4D-B925-080F194A9AB2}.Debug|Any CPU.Build.0 = Debug|Any CPU
		{5EA13AE6-FA4E-4C4D-B925-080F194A9AB2}.Release|Any CPU.ActiveCfg = Release|Any CPU
		{5EA13AE6-FA4E-4C4D-B925-080F194A9AB2}.Release|Any CPU.Build.0 = Release|Any CPU
		{69977840-D42F-4A72-8CD9-2B49F313341B}.Debug|Any CPU.ActiveCfg = Debug|Any CPU
		{69977840-D42F-4A72-8CD9-2B49F313341B}.Debug|Any CPU.Build.0 = Debug|Any CPU
		{69977840-D42F-4A72-8CD9-2B49F313341B}.Release|Any CPU.ActiveCfg = Release|Any CPU
		{69977840-D42F-4A72-8CD9-2B49F313341B}.Release|Any CPU.Build.0 = Release|Any CPU
		{877B105A-23D9-4EC6-AC3B-542178463C80}.Debug|Any CPU.ActiveCfg = Debug|Any CPU
		{877B105A-23D9-4EC6-AC3B-542178463C80}.Debug|Any CPU.Build.0 = Debug|Any CPU
		{877B105A-23D9-4EC6-AC3B-542178463C80}.Release|Any CPU.ActiveCfg = Release|Any CPU
		{877B105A-23D9-4EC6-AC3B-542178463C80}.Release|Any CPU.Build.0 = Release|Any CPU
		{FE0EF3D5-2476-4FD4-9251-30BD8B904E83}.Debug|Any CPU.ActiveCfg = Debug|Any CPU
		{FE0EF3D5-2476-4FD4-9251-30BD8B904E83}.Debug|Any CPU.Build.0 = Debug|Any CPU
		{FE0EF3D5-2476-4FD4-9251-30BD8B904E83}.Release|Any CPU.ActiveCfg = Release|Any CPU
		{FE0EF3D5-2476-4FD4-9251-30BD8B904E83}.Release|Any CPU.Build.0 = Release|Any CPU
	EndGlobalSection
	GlobalSection(SolutionProperties) = preSolution
		HideSolutionNode = FALSE
	EndGlobalSection
	GlobalSection(ExtensibilityGlobals) = postSolution
		SolutionGuid = {30C5B82B-30E9-4EC0-A284-291C412A42F2}
	EndGlobalSection
EndGlobal
