
Microsoft Visual Studio Solution File, Format Version 12.00
# Visual Studio Version 17
VisualStudioVersion = 17.3.32929.385
MinimumVisualStudioVersion = 10.0.40219.1
Project("{9A19103F-16F7-4668-BE54-9A1E7A4F7556}") = "Batch_Rename_App", "Batch_Rename_App\Batch_Rename_App.csproj", "{8925E4ED-D424-44FE-899A-AD248F7CA2B6}"
EndProject
Project("{9A19103F-16F7-4668-BE54-9A1E7A4F7556}") = "CommonModel", "CommonModel\CommonModel.csproj", "{659B8BC5-E57E-4FC0-A28A-F352B6183BAE}"
EndProject
Project("{9A19103F-16F7-4668-BE54-9A1E7A4F7556}") = "AddPrefixRule", "AddPrefixRule\AddPrefixRule.csproj", "{AD81B157-722D-4EE5-A127-71994B95194A}"
EndProject
Global
	GlobalSection(SolutionConfigurationPlatforms) = preSolution
		Debug|Any CPU = Debug|Any CPU
		Release|Any CPU = Release|Any CPU
	EndGlobalSection
	GlobalSection(ProjectConfigurationPlatforms) = postSolution
		{8925E4ED-D424-44FE-899A-AD248F7CA2B6}.Debug|Any CPU.ActiveCfg = Debug|Any CPU
		{8925E4ED-D424-44FE-899A-AD248F7CA2B6}.Debug|Any CPU.Build.0 = Debug|Any CPU
		{8925E4ED-D424-44FE-899A-AD248F7CA2B6}.Release|Any CPU.ActiveCfg = Release|Any CPU
		{8925E4ED-D424-44FE-899A-AD248F7CA2B6}.Release|Any CPU.Build.0 = Release|Any CPU
		{659B8BC5-E57E-4FC0-A28A-F352B6183BAE}.Debug|Any CPU.ActiveCfg = Debug|Any CPU
		{659B8BC5-E57E-4FC0-A28A-F352B6183BAE}.Debug|Any CPU.Build.0 = Debug|Any CPU
		{659B8BC5-E57E-4FC0-A28A-F352B6183BAE}.Release|Any CPU.ActiveCfg = Release|Any CPU
		{659B8BC5-E57E-4FC0-A28A-F352B6183BAE}.Release|Any CPU.Build.0 = Release|Any CPU
		{AD81B157-722D-4EE5-A127-71994B95194A}.Debug|Any CPU.ActiveCfg = Debug|Any CPU
		{AD81B157-722D-4EE5-A127-71994B95194A}.Debug|Any CPU.Build.0 = Debug|Any CPU
		{AD81B157-722D-4EE5-A127-71994B95194A}.Release|Any CPU.ActiveCfg = Release|Any CPU
		{AD81B157-722D-4EE5-A127-71994B95194A}.Release|Any CPU.Build.0 = Release|Any CPU
	EndGlobalSection
	GlobalSection(SolutionProperties) = preSolution
		HideSolutionNode = FALSE
	EndGlobalSection
	GlobalSection(ExtensibilityGlobals) = postSolution
		SolutionGuid = {30C5B82B-30E9-4EC0-A284-291C412A42F2}
	EndGlobalSection
EndGlobal
